
Microsoft Visual Studio Solution File, Format Version 12.00
# Visual Studio Version 17
VisualStudioVersion = 17.9.34622.214
MinimumVisualStudioVersion = 10.0.40219.1
Project("{FAE04EC0-301F-11D3-BF4B-00C04F79EFBC}") = "workout-app", "workout-app\workout-app.csproj", "{68072BE4-5785-471C-B660-C419B0B1B911}"
EndProject
Global
	GlobalSection(SolutionConfigurationPlatforms) = preSolution
		Debug|Any CPU = Debug|Any CPU
		Release|Any CPU = Release|Any CPU
	EndGlobalSection
	GlobalSection(ProjectConfigurationPlatforms) = postSolution
		{68072BE4-5785-471C-B660-C419B0B1B911}.Debug|Any CPU.ActiveCfg = Debug|Any CPU
		{68072BE4-5785-471C-B660-C419B0B1B911}.Debug|Any CPU.Build.0 = Debug|Any CPU
		{68072BE4-5785-471C-B660-C419B0B1B911}.Release|Any CPU.ActiveCfg = Release|Any CPU
		{68072BE4-5785-471C-B660-C419B0B1B911}.Release|Any CPU.Build.0 = Release|Any CPU
	EndGlobalSection
	GlobalSection(SolutionProperties) = preSolution
		HideSolutionNode = FALSE
	EndGlobalSection
	GlobalSection(ExtensibilityGlobals) = postSolution
		SolutionGuid = {36DECAEE-86A0-4774-A4F7-6F7EE226BD87}
	EndGlobalSection
EndGlobal
